<?xml version="1.0" encoding="Windows-1252"?>
<Project ToolsVersion="4.0" xmlns="http://schemas.microsoft.com/developer/msbuild/2003">
  <ItemGroup>
    <ClCompile Include="..\playground\playground.cpp">
      <Filter>Source Files</Filter>
    </ClCompile>
    <ClCompile Include="..\common\shader.cpp">
      <Filter>common</Filter>
    </ClCompile>
    <ClCompile Include="..\common\iniparser.cpp">
      <Filter>common</Filter>
    </ClCompile>
    <ClCompile Include="..\playground\Triangle.cpp">
      <Filter>Source Files</Filter>
    </ClCompile>
    <ClCompile Include="..\playground\Circle.cpp">
      <Filter>Source Files</Filter>
    </ClCompile>
    <ClCompile Include="..\playground\Hexagon.cpp">
      <Filter>Source Files</Filter>
    </ClCompile>
    <ClCompile Include="..\playground\Shape.cpp">
      <Filter>Source Files</Filter>
    </ClCompile>
    <ClCompile Include="..\playground\Square.cpp">
      <Filter>Source Files</Filter>
    </ClCompile>
  </ItemGroup>
  <ItemGroup>
    <ClInclude Include="..\common\shader.hpp">
      <Filter>common</Filter>
    </ClInclude>
    <ClInclude Include="..\common\iniparser.hpp">
      <Filter>common</Filter>
    </ClInclude>
    <ClInclude Include="..\playground\Square.h">
      <Filter>Source Files</Filter>
    </ClInclude>
    <ClInclude Include="..\playground\Triangle.h">
      <Filter>Source Files</Filter>
    </ClInclude>
    <ClInclude Include="..\playground\Circle.h">
      <Filter>Source Files</Filter>
    </ClInclude>
    <ClInclude Include="..\playground\Hexagon.h">
      <Filter>Source Files</Filter>
    </ClInclude>
    <ClInclude Include="..\playground\Shape.h">
      <Filter>Source Files</Filter>
    </ClInclude>
  </ItemGroup>
  <ItemGroup>
    <CustomBuild Include="..\CMakeLists.txt" />
  </ItemGroup>
  <ItemGroup>
    <Filter Include="Source Files">
      <UniqueIdentifier>{B4A53271-A6CB-405B-9674-70862DBBCB72}</UniqueIdentifier>
    </Filter>
    <Filter Include="common">
      <UniqueIdentifier>{F55D44DE-DB61-47FC-A15D-5A1634C18F25}</UniqueIdentifier>
    </Filter>
    <Filter Include="shaders">
      <UniqueIdentifier>{f2e77a0a-d62d-4bf3-8d0c-001e2a8bbfa7}</UniqueIdentifier>
    </Filter>
  </ItemGroup>
  <ItemGroup>
    <None Include="..\playground\SimpleFragmentShader.fragmentshader">
      <Filter>shaders</Filter>
    </None>
    <None Include="..\playground\SimpleVertexShader.vertexshader">
      <Filter>shaders</Filter>
    </None>
  </ItemGroup>
</Project>